// !$*UTF8*$!
{
	archiveVersion = 1;
	classes = {
	};
	objectVersion = 46;
	objects = {

/* Begin PBXBuildFile section */
		5F228336156429ED000042DB /* Foundation.framework in Frameworks */ = {isa = PBXBuildFile; fileRef = 5F228335156429ED000042DB /* Foundation.framework */; };
		5F228339156429ED000042DB /* main.m in Sources */ = {isa = PBXBuildFile; fileRef = 5F228338156429ED000042DB /* main.m */; };
		5F22833D156429ED000042DB /* BMITime.1 in CopyFiles */ = {isa = PBXBuildFile; fileRef = 5F22833C156429ED000042DB /* BMITime.1 */; };
		5F22834515642A23000042DB /* Person.m in Sources */ = {isa = PBXBuildFile; fileRef = 5F22834415642A23000042DB /* Person.m */; };
		5F2283701567EEC1000042DB /* Employee.m in Sources */ = {isa = PBXBuildFile; fileRef = 5F22836F1567EEC1000042DB /* Employee.m */; };
		5F22837715691AA4000042DB /* Asset.m in Sources */ = {isa = PBXBuildFile; fileRef = 5F22837615691AA4000042DB /* Asset.m */; };
/* End PBXBuildFile section */

/* Begin PBXCopyFilesBuildPhase section */
		5F22832F156429ED000042DB /* CopyFiles */ = {
			isa = PBXCopyFilesBuildPhase;
			buildActionMask = 2147483647;
			dstPath = /usr/share/man/man1/;
			dstSubfolderSpec = 0;
			files = (
				5F22833D156429ED000042DB /* BMITime.1 in CopyFiles */,
			);
			runOnlyForDeploymentPostprocessing = 1;
		};
/* End PBXCopyFilesBuildPhase section */

/* Begin PBXFileReference section */
		5F228331156429ED000042DB /* BMITime */ = {isa = PBXFileReference; explicitFileType = "compiled.mach-o.executable"; includeInIndex = 0; path = BMITime; sourceTree = BUILT_PRODUCTS_DIR; };
		5F228335156429ED000042DB /* Foundation.framework */ = {isa = PBXFileReference; lastKnownFileType = wrapper.framework; name = Foundation.framework; path = System/Library/Frameworks/Foundation.framework; sourceTree = SDKROOT; };
		5F228338156429ED000042DB /* main.m */ = {isa = PBXFileReference; lastKnownFileType = sourcecode.c.objc; path = main.m; sourceTree = "<group>"; };
		5F22833B156429ED000042DB /* BMITime-Prefix.pch */ = {isa = PBXFileReference; lastKnownFileType = sourcecode.c.h; path = "BMITime-Prefix.pch"; sourceTree = "<group>"; };
		5F22833C156429ED000042DB /* BMITime.1 */ = {isa = PBXFileReference; lastKnownFileType = text.man; path = BMITime.1; sourceTree = "<group>"; };
		5F22834315642A23000042DB /* Person.h */ = {isa = PBXFileReference; fileEncoding = 4; lastKnownFileType = sourcecode.c.h; path = Person.h; sourceTree = "<group>"; };
		5F22834415642A23000042DB /* Person.m */ = {isa = PBXFileReference; fileEncoding = 4; lastKnownFileType = sourcecode.c.objc; path = Person.m; sourceTree = "<group>"; };
		5F22836E1567EEC1000042DB /* Employee.h */ = {isa = PBXFileReference; fileEncoding = 4; lastKnownFileType = sourcecode.c.h; path = Employee.h; sourceTree = "<group>"; };
		5F22836F1567EEC1000042DB /* Employee.m */ = {isa = PBXFileReference; fileEncoding = 4; lastKnownFileType = sourcecode.c.objc; path = Employee.m; sourceTree = "<group>"; };
		5F22837515691AA4000042DB /* Asset.h */ = {isa = PBXFileReference; fileEncoding = 4; lastKnownFileType = sourcecode.c.h; path = Asset.h; sourceTree = "<group>"; };
		5F22837615691AA4000042DB /* Asset.m */ = {isa = PBXFileReference; fileEncoding = 4; lastKnownFileType = sourcecode.c.objc; path = Asset.m; sourceTree = "<group>"; };
/* End PBXFileReference section */

/* Begin PBXFrameworksBuildPhase section */
		5F22832E156429ED000042DB /* Frameworks */ = {
			isa = PBXFrameworksBuildPhase;
			buildActionMask = 2147483647;
			files = (
				5F228336156429ED000042DB /* Foundation.framework in Frameworks */,
			);
			runOnlyForDeploymentPostprocessing = 0;
		};
/* End PBXFrameworksBuildPhase section */

/* Begin PBXGroup section */
		5F228326156429ED000042DB = {
			isa = PBXGroup;
			children = (
				5F228337156429ED000042DB /* BMITime */,
				5F228334156429ED000042DB /* Frameworks */,
				5F228332156429ED000042DB /* Products */,
			);
			sourceTree = "<group>";
		};
		5F228332156429ED000042DB /* Products */ = {
			isa = PBXGroup;
			children = (
				5F228331156429ED000042DB /* BMITime */,
			);
			name = Products;
			sourceTree = "<group>";
		};
		5F228334156429ED000042DB /* Frameworks */ = {
			isa = PBXGroup;
			children = (
				5F228335156429ED000042DB /* Foundation.framework */,
			);
			name = Frameworks;
			sourceTree = "<group>";
		};
		5F228337156429ED000042DB /* BMITime */ = {
			isa = PBXGroup;
			children = (
				5F228338156429ED000042DB /* main.m */,
				5F22834315642A23000042DB /* Person.h */,
				5F22834415642A23000042DB /* Person.m */,
				5F22833C156429ED000042DB /* BMITime.1 */,
				5F22833A156429ED000042DB /* Supporting Files */,
				5F22836E1567EEC1000042DB /* Employee.h */,
				5F22836F1567EEC1000042DB /* Employee.m */,
				5F22837515691AA4000042DB /* Asset.h */,
				5F22837615691AA4000042DB /* Asset.m */,
			);
			path = BMITime;
			sourceTree = "<group>";
		};
		5F22833A156429ED000042DB /* Supporting Files */ = {
			isa = PBXGroup;
			children = (
				5F22833B156429ED000042DB /* BMITime-Prefix.pch */,
			);
			name = "Supporting Files";
			sourceTree = "<group>";
		};
/* End PBXGroup section */

/* Begin PBXNativeTarget section */
		5F228330156429ED000042DB /* BMITime */ = {
			isa = PBXNativeTarget;
			buildConfigurationList = 5F228340156429ED000042DB /* Build configuration list for PBXNativeTarget "BMITime" */;
			buildPhases = (
				5F22832D156429ED000042DB /* Sources */,
				5F22832E156429ED000042DB /* Frameworks */,
				5F22832F156429ED000042DB /* CopyFiles */,
			);
			buildRules = (
			);
			dependencies = (
			);
			name = BMITime;
			productName = BMITime;
			productReference = 5F228331156429ED000042DB /* BMITime */;
			productType = "com.apple.product-type.tool";
		};
/* End PBXNativeTarget section */

/* Begin PBXProject section */
		5F228328156429ED000042DB /* Project object */ = {
			isa = PBXProject;
			attributes = {
				LastUpgradeCheck = 0420;
			};
			buildConfigurationList = 5F22832B156429ED000042DB /* Build configuration list for PBXProject "BMITime" */;
			compatibilityVersion = "Xcode 3.2";
			developmentRegion = English;
			hasScannedForEncodings = 0;
			knownRegions = (
				en,
			);
			mainGroup = 5F228326156429ED000042DB;
			productRefGroup = 5F228332156429ED000042DB /* Products */;
			projectDirPath = "";
			projectRoot = "";
			targets = (
				5F228330156429ED000042DB /* BMITime */,
			);
		};
/* End PBXProject section */

/* Begin PBXSourcesBuildPhase section */
		5F22832D156429ED000042DB /* Sources */ = {
			isa = PBXSourcesBuildPhase;
			buildActionMask = 2147483647;
			files = (
				5F228339156429ED000042DB /* main.m in Sources */,
				5F22834515642A23000042DB /* Person.m in Sources */,
				5F2283701567EEC1000042DB /* Employee.m in Sources */,
				5F22837715691AA4000042DB /* Asset.m in Sources */,
			);
			runOnlyForDeploymentPostprocessing = 0;
		};
/* End PBXSourcesBuildPhase section */

/* Begin XCBuildConfiguration section */
		5F22833E156429ED000042DB /* Debug */ = {
			isa = XCBuildConfiguration;
			buildSettings = {
				ALWAYS_SEARCH_USER_PATHS = NO;
				ARCHS = "$(ARCHS_STANDARD_64_BIT)";
				CLANG_ENABLE_OBJC_ARC = YES;
				COPY_PHASE_STRIP = NO;
				GCC_C_LANGUAGE_STANDARD = gnu99;
				GCC_DYNAMIC_NO_PIC = NO;
				GCC_ENABLE_OBJC_EXCEPTIONS = YES;
				GCC_OPTIMIZATION_LEVEL = 0;
				GCC_PREPROCESSOR_DEFINITIONS = (
					"DEBUG=1",
					"$(inherited)",
				);
				GCC_SYMBOLS_PRIVATE_EXTERN = NO;
				GCC_VERSION = com.apple.compilers.llvm.clang.1_0;
				GCC_WARN_64_TO_32_BIT_CONVERSION = YES;
				GCC_WARN_ABOUT_MISSING_PROTOTYPES = YES;
				GCC_WARN_ABOUT_RETURN_TYPE = YES;
				GCC_WARN_UNUSED_VARIABLE = YES;
				MACOSX_DEPLOYMENT_TARGET = 10.7;
				ONLY_ACTIVE_ARCH = YES;
				SDKROOT = macosx;
			};
			name = Debug;
		};
		5F22833F156429ED000042DB /* Release */ = {
			isa = XCBuildConfiguration;
			buildSettings = {
				ALWAYS_SEARCH_USER_PATHS = NO;
				ARCHS = "$(ARCHS_STANDARD_64_BIT)";
				CLANG_ENABLE_OBJC_ARC = YES;
				COPY_PHASE_STRIP = YES;
				DEBUG_INFORMATION_FORMAT = "dwarf-with-dsym";
				GCC_C_LANGUAGE_STANDARD = gnu99;
				GCC_ENABLE_OBJC_EXCEPTIONS = YES;
				GCC_VERSION = com.apple.compilers.llvm.clang.1_0;
				GCC_WARN_64_TO_32_BIT_CONVERSION = YES;
				GCC_WARN_ABOUT_MISSING_PROTOTYPES = YES;
				GCC_WARN_ABOUT_RETURN_TYPE = YES;
				GCC_WARN_UNUSED_VARIABLE = YES;
				MACOSX_DEPLOYMENT_TARGET = 10.7;
				SDKROOT = macosx;
			};
			name = Release;
		};
		5F228341156429ED000042DB /* Debug */ = {
			isa = XCBuildConfiguration;
			buildSettings = {
				GCC_PRECOMPILE_PREFIX_HEADER = YES;
				GCC_PREFIX_HEADER = "BMITime/BMITime-Prefix.pch";
				PRODUCT_NAME = "$(TARGET_NAME)";
			};
			name = Debug;
		};
		5F228342156429ED000042DB /* Release */ = {
			isa = XCBuildConfiguration;
			buildSettings = {
				GCC_PRECOMPILE_PREFIX_HEADER = YES;
				GCC_PREFIX_HEADER = "BMITime/BMITime-Prefix.pch";
				PRODUCT_NAME = "$(TARGET_NAME)";
			};
			name = Release;
		};
/* End XCBuildConfiguration section */

/* Begin XCConfigurationList section */
		5F22832B156429ED000042DB /* Build configuration list for PBXProject "BMITime" */ = {
			isa = XCConfigurationList;
			buildConfigurations = (
				5F22833E156429ED000042DB /* Debug */,
				5F22833F156429ED000042DB /* Release */,
			);
			defaultConfigurationIsVisible = 0;
			defaultConfigurationName = Release;
		};
		5F228340156429ED000042DB /* Build configuration list for PBXNativeTarget "BMITime" */ = {
			isa = XCConfigurationList;
			buildConfigurations = (
				5F228341156429ED000042DB /* Debug */,
				5F228342156429ED000042DB /* Release */,
			);
			defaultConfigurationIsVisible = 0;
		};
/* End XCConfigurationList section */
	};
	rootObject = 5F228328156429ED000042DB /* Project object */;
}
